
Microsoft Visual Studio Solution File, Format Version 12.00
# Visual Studio Version 17
VisualStudioVersion = 17.11.35312.102
MinimumVisualStudioVersion = 10.0.40219.1
Project("{9A19103F-16F7-4668-BE54-9A1E7A4F7556}") = "ProjetoIntegrador", "ProjetoIntegrador\ProjetoIntegrador.csproj", "{2FAAB2D6-CCE2-47CF-88CB-7083FDD74F95}"
EndProject
Global
	GlobalSection(SolutionConfigurationPlatforms) = preSolution
		Debug|Any CPU = Debug|Any CPU
		Release|Any CPU = Release|Any CPU
	EndGlobalSection
	GlobalSection(ProjectConfigurationPlatforms) = postSolution
		{2FAAB2D6-CCE2-47CF-88CB-7083FDD74F95}.Debug|Any CPU.ActiveCfg = Debug|Any CPU
		{2FAAB2D6-CCE2-47CF-88CB-7083FDD74F95}.Debug|Any CPU.Build.0 = Debug|Any CPU
		{2FAAB2D6-CCE2-47CF-88CB-7083FDD74F95}.Release|Any CPU.ActiveCfg = Release|Any CPU
		{2FAAB2D6-CCE2-47CF-88CB-7083FDD74F95}.Release|Any CPU.Build.0 = Release|Any CPU
	EndGlobalSection
	GlobalSection(SolutionProperties) = preSolution
		HideSolutionNode = FALSE
	EndGlobalSection
	GlobalSection(ExtensibilityGlobals) = postSolution
		SolutionGuid = {422DE687-65E1-4BE9-A4F3-866E135B6CA4}
	EndGlobalSection
EndGlobal
